{
	"name": "liferay-aihub-chat-ui",
	"version": "0.0.0",
	"lockfileVersion": 3,
	"requires": true,
	"packages": {
		"": {
			"name": "liferay-aihub-chat-ui",
			"version": "0.0.0",
			"dependencies": {
				"@clayui/alert": "^3.0.0",
				"@clayui/button": "^3.0.0",
				"@clayui/form": "^3.0.0",
				"@clayui/icon": "^3.0.0",
				"@clayui/label": "^3.0.0",
				"@clayui/list": "^3.0.0",
				"@clayui/loading-indicator": "^3.0.0",
				"@clayui/progress-bar": "^3.0.0",
				"react": "^18.2.0",
				"react-dom": "^18.2.0"
			},
			"devDependencies": {
				"@types/node": "^22.20.1",
				"@types/react": "^18.2.6",
				"@types/react-dom": "^18.0.9",
				"esbuild": "^0.20.2",
				"typescript": "5.7.2"
			}
		},
		"node_modules/@babel/runtime": {
			"version": "7.29.7",
			"resolved": "https://registry.npmjs.org/@babel/runtime/-/runtime-7.29.7.tgz",
			"integrity": "sha512-Nq8OhGWiZIZGV6hLHoyAKLLcJihP/xFeBMGJoUrxTX2psI8dCifzLhZISFb+VWS3wFMRDmCGw5R+dOySCqPLhw==",
			"license": "MIT",
			"engines": {
				"node": ">=6.9.0"
			}
		},
		"node_modules/@clayui/alert": {
			"version": "3.166.0",
			"resolved": "https://registry.npmjs.org/@clayui/alert/-/alert-3.166.0.tgz",
			"integrity": "sha512-eV4+bRTP7a4DFH9WIzG35BuqiMbLljIC2S7JkT5kzDgWxIXJzBzUFd9XdAuaDuLijZiec7esR94QtpbmaASKlQ==",
			"license": "BSD-3-Clause",
			"dependencies": {
				"@clayui/icon": "^3.166.0",
				"@clayui/layout": "^3.166.0",
				"classnames": "2.3.1"
			},
			"peerDependencies": {
				"@clayui/css": "^3.166.0",
				"react": "^16.0.0 || ^17.0.0 || ^18.0.0",
				"react-dom": "^16.0.0 || ^17.0.0 || ^18.0.0"
			}
		},
		"node_modules/@clayui/button": {
			"version": "3.166.0",
			"resolved": "https://registry.npmjs.org/@clayui/button/-/button-3.166.0.tgz",
			"integrity": "sha512-ajA7aclufMB0+BkpjACyC/l6uFcsugBeR41nfYgQFuTHmBJPBMv7Qii+GoEbjI7Fh/hQ3fNKqfSbPbk+ueYufQ==",
			"license": "BSD-3-Clause",
			"dependencies": {
				"@clayui/icon": "^3.166.0",
				"@clayui/loading-indicator": "^3.166.0",
				"classnames": "2.3.1",
				"warning": "^4.0.3"
			},
			"peerDependencies": {
				"@clayui/css": "^3.166.0",
				"react": "^16.0.0 || ^17.0.0 || ^18.0.0",
				"react-dom": "^16.0.0 || ^17.0.0 || ^18.0.0"
			}
		},
		"node_modules/@clayui/core": {
			"version": "3.166.0",
			"resolved": "https://registry.npmjs.org/@clayui/core/-/core-3.166.0.tgz",
			"integrity": "sha512-2Q9XgBIhIhvlczPwCEDZERvoc6Kg7WMO7xQX6RZTC/BH1P8RdyHKX7cr/mmYYmkqRU5Rwvo3gertjaat4i7vhg==",
			"license": "BSD-3-Clause",
			"dependencies": {
				"@clayui/button": "^3.166.0",
				"@clayui/data-provider": "^3.166.0",
				"@clayui/form": "^3.166.0",
				"@clayui/icon": "^3.166.0",
				"@clayui/label": "^3.166.0",
				"@clayui/layout": "^3.166.0",
				"@clayui/link": "^3.166.0",
				"@clayui/loading-indicator": "^3.166.0",
				"@clayui/modal": "^3.166.0",
				"@clayui/provider": "^3.166.0",
				"@clayui/shared": "^3.166.0",
				"@clayui/table": "^3.166.0",
				"@clayui/tooltip": "^3.166.0",
				"@tanstack/react-virtual": "3.0.0-beta.54",
				"aria-hidden": "^1.2.2",
				"classnames": "2.3.1",
				"fuzzy": "^0.1.3",
				"react-dnd": "11.1.1",
				"react-dnd-html5-backend": "11.1.1",
				"react-transition-group": "^4.4.1",
				"warning": "^4.0.3"
			},
			"peerDependencies": {
				"@clayui/css": "^3.166.0",
				"react": "^16.0.0 || ^17.0.0 || ^18.0.0",
				"react-dom": "^16.0.0 || ^17.0.0 || ^18.0.0"
			}
		},
		"node_modules/@clayui/css": {
			"version": "3.166.0",
			"resolved": "https://registry.npmjs.org/@clayui/css/-/css-3.166.0.tgz",
			"integrity": "sha512-xuxZIc+Oq3PpDuR2HkLqyp0RLp1EgRLN9f6LGokKuuBMx4MKwo79NKLncCMf0kEtPDJEOFbiCB1ltNhTmv5KBQ==",
			"license": "MIT",
			"peer": true
		},
		"node_modules/@clayui/data-provider": {
			"version": "3.166.0",
			"resolved": "https://registry.npmjs.org/@clayui/data-provider/-/data-provider-3.166.0.tgz",
			"integrity": "sha512-3qZBpBVcGsLQNQr9cbwi5oRzT+3p/WtbI+8KqeneawWXaeZOWGCk1rAfMjGBhEEEhIaZ2C75AxtUoh1s2o51qg==",
			"license": "BSD-3-Clause",
			"dependencies": {
				"@clayui/provider": "^3.166.0",
				"@clayui/shared": "^3.166.0",
				"fast-json-stable-stringify": "^2.1.0",
				"warning": "^4.0.3"
			},
			"peerDependencies": {
				"@clayui/css": "^3.166.0",
				"react": "^16.0.0 || ^17.0.0 || ^18.0.0",
				"react-dom": "^16.0.0 || ^17.0.0 || ^18.0.0"
			}
		},
		"node_modules/@clayui/drop-down": {
			"version": "3.166.0",
			"resolved": "https://registry.npmjs.org/@clayui/drop-down/-/drop-down-3.166.0.tgz",
			"integrity": "sha512-3FUCEwDJGsmjDeJeuRKTW/sNK3BqwMK/4BTBEa7aV8K4/l1Q5U+GPVJ6ypze1tFAxuOZgZgMqv8XXzj5MDpu0g==",
			"license": "BSD-3-Clause",
			"dependencies": {
				"@clayui/button": "^3.166.0",
				"@clayui/core": "^3.166.0",
				"@clayui/form": "^3.166.0",
				"@clayui/icon": "^3.166.0",
				"@clayui/link": "^3.166.0",
				"@clayui/shared": "^3.166.0",
				"classnames": "2.3.1",
				"react-transition-group": "^4.4.1",
				"warning": "^4.0.3"
			},
			"peerDependencies": {
				"@clayui/css": "^3.166.0",
				"react": "^16.0.0 || ^17.0.0 || ^18.0.0",
				"react-dom": "^16.0.0 || ^17.0.0 || ^18.0.0"
			}
		},
		"node_modules/@clayui/form": {
			"version": "3.166.0",
			"resolved": "https://registry.npmjs.org/@clayui/form/-/form-3.166.0.tgz",
			"integrity": "sha512-USsOChuOSYgpaXTxJ/j2Y5VUnYWczN1Ibeu3RVJk4xtWk5NzPtaHnS91D8k1+YknybvA44trErcHcOKsTAp03Q==",
			"license": "BSD-3-Clause",
			"dependencies": {
				"@clayui/button": "^3.166.0",
				"@clayui/icon": "^3.166.0",
				"@clayui/shared": "^3.166.0",
				"classnames": "2.3.1"
			},
			"peerDependencies": {
				"@clayui/css": "^3.166.0",
				"react": "^16.0.0 || ^17.0.0 || ^18.0.0",
				"react-dom": "^16.0.0 || ^17.0.0 || ^18.0.0"
			}
		},
		"node_modules/@clayui/icon": {
			"version": "3.166.0",
			"resolved": "https://registry.npmjs.org/@clayui/icon/-/icon-3.166.0.tgz",
			"integrity": "sha512-cSNSn29UWRY6A4olLs8SyKOSnuTuTJ6RPeoAsGjJFEZm/3XeprgAP6HUogo5z8SKVon06QABdnlkoYATZC8omQ==",
			"license": "BSD-3-Clause",
			"dependencies": {
				"classnames": "2.3.1",
				"warning": "^4.0.3"
			},
			"peerDependencies": {
				"@clayui/css": "^3.166.0",
				"react": "^16.0.0 || ^17.0.0 || ^18.0.0",
				"react-dom": "^16.0.0 || ^17.0.0 || ^18.0.0"
			}
		},
		"node_modules/@clayui/label": {
			"version": "3.166.0",
			"resolved": "https://registry.npmjs.org/@clayui/label/-/label-3.166.0.tgz",
			"integrity": "sha512-08BwhtPShUxXeeRpQYib7PtOPx9UuPkE9zLRsZe6lKOCmTRpzy3UUb6LnrVDIbVh4RMYRp20gspiyUVbwgdpsg==",
			"license": "BSD-3-Clause",
			"dependencies": {
				"@clayui/icon": "^3.166.0",
				"@clayui/link": "^3.166.0",
				"classnames": "2.3.1"
			},
			"peerDependencies": {
				"@clayui/css": "^3.166.0",
				"react": "^16.0.0 || ^17.0.0 || ^18.0.0",
				"react-dom": "^16.0.0 || ^17.0.0 || ^18.0.0"
			}
		},
		"node_modules/@clayui/layout": {
			"version": "3.166.0",
			"resolved": "https://registry.npmjs.org/@clayui/layout/-/layout-3.166.0.tgz",
			"integrity": "sha512-8DJWFrR+6tGvdepjMuPECdqisiP0LxcxN/e5X6UF/EVsBeYkkoP8ejV6iuTtiIPy1obKomdP25tZbyeWcSkI1g==",
			"license": "BSD-3-Clause",
			"dependencies": {
				"classnames": "2.3.1",
				"warning": "^4.0.3"
			},
			"peerDependencies": {
				"@clayui/css": "^3.166.0",
				"react": "^16.0.0 || ^17.0.0 || ^18.0.0",
				"react-dom": "^16.0.0 || ^17.0.0 || ^18.0.0"
			}
		},
		"node_modules/@clayui/link": {
			"version": "3.166.0",
			"resolved": "https://registry.npmjs.org/@clayui/link/-/link-3.166.0.tgz",
			"integrity": "sha512-6OF4wNPEOYCK7EfRh5YSQ5TQAvkL3fJXyFGe9x2zUWoaZEWRG4LfP6l3r3Lk84VQkv+Bh8cZNNMiCXXNcql6vA==",
			"license": "BSD-3-Clause",
			"dependencies": {
				"classnames": "2.3.1"
			},
			"peerDependencies": {
				"@clayui/css": "^3.166.0",
				"react": "^16.0.0 || ^17.0.0 || ^18.0.0",
				"react-dom": "^16.0.0 || ^17.0.0 || ^18.0.0"
			}
		},
		"node_modules/@clayui/list": {
			"version": "3.166.0",
			"resolved": "https://registry.npmjs.org/@clayui/list/-/list-3.166.0.tgz",
			"integrity": "sha512-1Si0b8him1pteit4LCoRRyJ99N3CjmFtAYbE2YZ07/CFUrWyfnN0Nyl2wVUz4z20Ka7L+U+g/sVQ75Jwd4og1w==",
			"license": "BSD-3-Clause",
			"dependencies": {
				"@clayui/drop-down": "^3.166.0",
				"@clayui/form": "^3.166.0",
				"@clayui/icon": "^3.166.0",
				"@clayui/label": "^3.166.0",
				"@clayui/layout": "^3.166.0",
				"@clayui/link": "^3.166.0",
				"@clayui/shared": "^3.166.0",
				"@clayui/sticker": "^3.166.0",
				"classnames": "2.3.1",
				"warning": "^4.0.3"
			},
			"peerDependencies": {
				"@clayui/css": "^3.166.0",
				"react": "^16.0.0 || ^17.0.0 || ^18.0.0",
				"react-dom": "^16.0.0 || ^17.0.0 || ^18.0.0"
			}
		},
		"node_modules/@clayui/loading-indicator": {
			"version": "3.166.0",
			"resolved": "https://registry.npmjs.org/@clayui/loading-indicator/-/loading-indicator-3.166.0.tgz",
			"integrity": "sha512-cebTvnd/bSDqFdZgG2GgDboB47NpESMiHv/nzSBeDUl9bTf/4WCBlZGVlKeIxs3OLHiZYzwIsnBNOp7FwW9nbg==",
			"license": "BSD-3-Clause",
			"dependencies": {
				"classnames": "2.3.1"
			},
			"peerDependencies": {
				"@clayui/css": "^3.166.0",
				"react": "^16.0.0 || ^17.0.0 || ^18.0.0",
				"react-dom": "^16.0.0 || ^17.0.0 || ^18.0.0"
			}
		},
		"node_modules/@clayui/modal": {
			"version": "3.166.0",
			"resolved": "https://registry.npmjs.org/@clayui/modal/-/modal-3.166.0.tgz",
			"integrity": "sha512-lWikIhLzd3gA/pWntsMLDsXsJkUt2O8nPcRBDmZ5FbBzgkx8j0cq6nAn4W3o9xqulIQasT3YGxBEyq6PZMuc3w==",
			"license": "BSD-3-Clause",
			"dependencies": {
				"@clayui/button": "^3.166.0",
				"@clayui/icon": "^3.166.0",
				"@clayui/shared": "^3.166.0",
				"aria-hidden": "^1.2.2",
				"classnames": "2.3.1",
				"warning": "^4.0.3"
			},
			"peerDependencies": {
				"@clayui/css": "^3.166.0",
				"react": "^16.0.0 || ^17.0.0 || ^18.0.0",
				"react-dom": "^16.0.0 || ^17.0.0 || ^18.0.0"
			}
		},
		"node_modules/@clayui/progress-bar": {
			"version": "3.166.0",
			"resolved": "https://registry.npmjs.org/@clayui/progress-bar/-/progress-bar-3.166.0.tgz",
			"integrity": "sha512-oA2rNp4ZBvIu98a6jvNZCabhlCnYTYILS4UHmhJTa4n8vnjqd41nTiS8hLYTq5sN4RGXZMzuL/Zdpnoyi9njnQ==",
			"license": "BSD-3-Clause",
			"dependencies": {
				"@clayui/icon": "^3.166.0",
				"@clayui/shared": "^3.166.0",
				"classnames": "2.3.1",
				"warning": "^4.0.3"
			},
			"peerDependencies": {
				"@clayui/css": "^3.166.0",
				"react": "^16.0.0 || ^17.0.0 || ^18.0.0",
				"react-dom": "^16.0.0 || ^17.0.0 || ^18.0.0"
			}
		},
		"node_modules/@clayui/provider": {
			"version": "3.166.0",
			"resolved": "https://registry.npmjs.org/@clayui/provider/-/provider-3.166.0.tgz",
			"integrity": "sha512-ufh0l+ZSF+f/4zwIpBYg3fQBBTpJheVKGMY7JqHhXaIlLSiXJWUDUeAuMLlw7YI+8EsaVAO5PmEbrH0OizDM3Q==",
			"license": "BSD-3-Clause",
			"dependencies": {
				"@clayui/icon": "^3.166.0"
			},
			"peerDependencies": {
				"@clayui/css": "^3.166.0",
				"react": "^16.0.0 || ^17.0.0 || ^18.0.0",
				"react-dom": "^16.0.0 || ^17.0.0 || ^18.0.0"
			}
		},
		"node_modules/@clayui/shared": {
			"version": "3.166.0",
			"resolved": "https://registry.npmjs.org/@clayui/shared/-/shared-3.166.0.tgz",
			"integrity": "sha512-DCjUMLo58UowEjeOTLDw1YxN9R4VxNWbA09GRBp/VU05/GnF0sr6BZDLd+H6t0DCQYcUngowQkjPehIHcIJdow==",
			"license": "BSD-3-Clause",
			"dependencies": {
				"@clayui/button": "^3.166.0",
				"@clayui/link": "^3.166.0",
				"@clayui/provider": "^3.166.0",
				"aria-hidden": "^1.2.2",
				"classnames": "2.3.1",
				"dom-align": "^1.12.2",
				"warning": "^4.0.3"
			},
			"peerDependencies": {
				"@clayui/css": "^3.166.0",
				"react": "^16.0.0 || ^17.0.0 || ^18.0.0",
				"react-dom": "^16.0.0 || ^17.0.0 || ^18.0.0"
			}
		},
		"node_modules/@clayui/sticker": {
			"version": "3.166.0",
			"resolved": "https://registry.npmjs.org/@clayui/sticker/-/sticker-3.166.0.tgz",
			"integrity": "sha512-F05hyzKlXHSEHjLBLsv3+pA3tiDXTGO39bwzDPRAyus55VWvYy2HP2FnKWCfhMa9jxoWh5tZOpuFnoB1F3ippQ==",
			"license": "BSD-3-Clause",
			"dependencies": {
				"classnames": "2.3.1"
			},
			"peerDependencies": {
				"@clayui/css": "^3.166.0",
				"react": "^16.0.0 || ^17.0.0 || ^18.0.0",
				"react-dom": "^16.0.0 || ^17.0.0 || ^18.0.0"
			}
		},
		"node_modules/@clayui/table": {
			"version": "3.166.0",
			"resolved": "https://registry.npmjs.org/@clayui/table/-/table-3.166.0.tgz",
			"integrity": "sha512-tIBSHMHVjJKjfDRUAOnSaHDDWv530htHXXTEkYWoClGJsn4meyV3F+qrKvG315zA2ijhwqAk9l5PU2FchpY3Bw==",
			"license": "BSD-3-Clause",
			"dependencies": {
				"classnames": "2.3.1"
			},
			"peerDependencies": {
				"@clayui/css": "^3.166.0",
				"react": "^16.0.0 || ^17.0.0 || ^18.0.0",
				"react-dom": "^16.0.0 || ^17.0.0 || ^18.0.0"
			}
		},
		"node_modules/@clayui/tooltip": {
			"version": "3.166.0",
			"resolved": "https://registry.npmjs.org/@clayui/tooltip/-/tooltip-3.166.0.tgz",
			"integrity": "sha512-9WuEK9TelzeBK4TmE8FLNNJJS3zV0xDLL3WEi8N4P2T2dcZK9XWD1+cja2GKZO1WcbJITEUXiBRXlfcNI78IWA==",
			"license": "BSD-3-Clause",
			"dependencies": {
				"@clayui/shared": "^3.166.0",
				"classnames": "2.3.1",
				"dom-align": "^1.12.2",
				"warning": "^4.0.3"
			},
			"peerDependencies": {
				"@clayui/css": "^3.166.0",
				"react": "^16.0.0 || ^17.0.0 || ^18.0.0",
				"react-dom": "^16.0.0 || ^17.0.0 || ^18.0.0"
			}
		},
		"node_modules/@esbuild/aix-ppc64": {
			"version": "0.20.2",
			"resolved": "https://registry.npmjs.org/@esbuild/aix-ppc64/-/aix-ppc64-0.20.2.tgz",
			"integrity": "sha512-D+EBOJHXdNZcLJRBkhENNG8Wji2kgc9AZ9KiPr1JuZjsNtyHzrsfLRrY0tk2H2aoFu6RANO1y1iPPUCDYWkb5g==",
			"cpu": [
				"ppc64"
			],
			"dev": true,
			"license": "MIT",
			"optional": true,
			"os": [
				"aix"
			],
			"engines": {
				"node": ">=12"
			}
		},
		"node_modules/@esbuild/android-arm": {
			"version": "0.20.2",
			"resolved": "https://registry.npmjs.org/@esbuild/android-arm/-/android-arm-0.20.2.tgz",
			"integrity": "sha512-t98Ra6pw2VaDhqNWO2Oph2LXbz/EJcnLmKLGBJwEwXX/JAN83Fym1rU8l0JUWK6HkIbWONCSSatf4sf2NBRx/w==",
			"cpu": [
				"arm"
			],
			"dev": true,
			"license": "MIT",
			"optional": true,
			"os": [
				"android"
			],
			"engines": {
				"node": ">=12"
			}
		},
		"node_modules/@esbuild/android-arm64": {
			"version": "0.20.2",
			"resolved": "https://registry.npmjs.org/@esbuild/android-arm64/-/android-arm64-0.20.2.tgz",
			"integrity": "sha512-mRzjLacRtl/tWU0SvD8lUEwb61yP9cqQo6noDZP/O8VkwafSYwZ4yWy24kan8jE/IMERpYncRt2dw438LP3Xmg==",
			"cpu": [
				"arm64"
			],
			"dev": true,
			"license": "MIT",
			"optional": true,
			"os": [
				"android"
			],
			"engines": {
				"node": ">=12"
			}
		},
		"node_modules/@esbuild/android-x64": {
			"version": "0.20.2",
			"resolved": "https://registry.npmjs.org/@esbuild/android-x64/-/android-x64-0.20.2.tgz",
			"integrity": "sha512-btzExgV+/lMGDDa194CcUQm53ncxzeBrWJcncOBxuC6ndBkKxnHdFJn86mCIgTELsooUmwUm9FkhSp5HYu00Rg==",
			"cpu": [
				"x64"
			],
			"dev": true,
			"license": "MIT",
			"optional": true,
			"os": [
				"android"
			],
			"engines": {
				"node": ">=12"
			}
		},
		"node_modules/@esbuild/darwin-arm64": {
			"version": "0.20.2",
			"resolved": "https://registry.npmjs.org/@esbuild/darwin-arm64/-/darwin-arm64-0.20.2.tgz",
			"integrity": "sha512-4J6IRT+10J3aJH3l1yzEg9y3wkTDgDk7TSDFX+wKFiWjqWp/iCfLIYzGyasx9l0SAFPT1HwSCR+0w/h1ES/MjA==",
			"cpu": [
				"arm64"
			],
			"dev": true,
			"license": "MIT",
			"optional": true,
			"os": [
				"darwin"
			],
			"engines": {
				"node": ">=12"
			}
		},
		"node_modules/@esbuild/darwin-x64": {
			"version": "0.20.2",
			"resolved": "https://registry.npmjs.org/@esbuild/darwin-x64/-/darwin-x64-0.20.2.tgz",
			"integrity": "sha512-tBcXp9KNphnNH0dfhv8KYkZhjc+H3XBkF5DKtswJblV7KlT9EI2+jeA8DgBjp908WEuYll6pF+UStUCfEpdysA==",
			"cpu": [
				"x64"
			],
			"dev": true,
			"license": "MIT",
			"optional": true,
			"os": [
				"darwin"
			],
			"engines": {
				"node": ">=12"
			}
		},
		"node_modules/@esbuild/freebsd-arm64": {
			"version": "0.20.2",
			"resolved": "https://registry.npmjs.org/@esbuild/freebsd-arm64/-/freebsd-arm64-0.20.2.tgz",
			"integrity": "sha512-d3qI41G4SuLiCGCFGUrKsSeTXyWG6yem1KcGZVS+3FYlYhtNoNgYrWcvkOoaqMhwXSMrZRl69ArHsGJ9mYdbbw==",
			"cpu": [
				"arm64"
			],
			"dev": true,
			"license": "MIT",
			"optional": true,
			"os": [
				"freebsd"
			],
			"engines": {
				"node": ">=12"
			}
		},
		"node_modules/@esbuild/freebsd-x64": {
			"version": "0.20.2",
			"resolved": "https://registry.npmjs.org/@esbuild/freebsd-x64/-/freebsd-x64-0.20.2.tgz",
			"integrity": "sha512-d+DipyvHRuqEeM5zDivKV1KuXn9WeRX6vqSqIDgwIfPQtwMP4jaDsQsDncjTDDsExT4lR/91OLjRo8bmC1e+Cw==",
			"cpu": [
				"x64"
			],
			"dev": true,
			"license": "MIT",
			"optional": true,
			"os": [
				"freebsd"
			],
			"engines": {
				"node": ">=12"
			}
		},
		"node_modules/@esbuild/linux-arm": {
			"version": "0.20.2",
			"resolved": "https://registry.npmjs.org/@esbuild/linux-arm/-/linux-arm-0.20.2.tgz",
			"integrity": "sha512-VhLPeR8HTMPccbuWWcEUD1Az68TqaTYyj6nfE4QByZIQEQVWBB8vup8PpR7y1QHL3CpcF6xd5WVBU/+SBEvGTg==",
			"cpu": [
				"arm"
			],
			"dev": true,
			"license": "MIT",
			"optional": true,
			"os": [
				"linux"
			],
			"engines": {
				"node": ">=12"
			}
		},
		"node_modules/@esbuild/linux-arm64": {
			"version": "0.20.2",
			"resolved": "https://registry.npmjs.org/@esbuild/linux-arm64/-/linux-arm64-0.20.2.tgz",
			"integrity": "sha512-9pb6rBjGvTFNira2FLIWqDk/uaf42sSyLE8j1rnUpuzsODBq7FvpwHYZxQ/It/8b+QOS1RYfqgGFNLRI+qlq2A==",
			"cpu": [
				"arm64"
			],
			"dev": true,
			"license": "MIT",
			"optional": true,
			"os": [
				"linux"
			],
			"engines": {
				"node": ">=12"
			}
		},
		"node_modules/@esbuild/linux-ia32": {
			"version": "0.20.2",
			"resolved": "https://registry.npmjs.org/@esbuild/linux-ia32/-/linux-ia32-0.20.2.tgz",
			"integrity": "sha512-o10utieEkNPFDZFQm9CoP7Tvb33UutoJqg3qKf1PWVeeJhJw0Q347PxMvBgVVFgouYLGIhFYG0UGdBumROyiig==",
			"cpu": [
				"ia32"
			],
			"dev": true,
			"license": "MIT",
			"optional": true,
			"os": [
				"linux"
			],
			"engines": {
				"node": ">=12"
			}
		},
		"node_modules/@esbuild/linux-loong64": {
			"version": "0.20.2",
			"resolved": "https://registry.npmjs.org/@esbuild/linux-loong64/-/linux-loong64-0.20.2.tgz",
			"integrity": "sha512-PR7sp6R/UC4CFVomVINKJ80pMFlfDfMQMYynX7t1tNTeivQ6XdX5r2XovMmha/VjR1YN/HgHWsVcTRIMkymrgQ==",
			"cpu": [
				"loong64"
			],
			"dev": true,
			"license": "MIT",
			"optional": true,
			"os": [
				"linux"
			],
			"engines": {
				"node": ">=12"
			}
		},
		"node_modules/@esbuild/linux-mips64el": {
			"version": "0.20.2",
			"resolved": "https://registry.npmjs.org/@esbuild/linux-mips64el/-/linux-mips64el-0.20.2.tgz",
			"integrity": "sha512-4BlTqeutE/KnOiTG5Y6Sb/Hw6hsBOZapOVF6njAESHInhlQAghVVZL1ZpIctBOoTFbQyGW+LsVYZ8lSSB3wkjA==",
			"cpu": [
				"mips64el"
			],
			"dev": true,
			"license": "MIT",
			"optional": true,
			"os": [
				"linux"
			],
			"engines": {
				"node": ">=12"
			}
		},
		"node_modules/@esbuild/linux-ppc64": {
			"version": "0.20.2",
			"resolved": "https://registry.npmjs.org/@esbuild/linux-ppc64/-/linux-ppc64-0.20.2.tgz",
			"integrity": "sha512-rD3KsaDprDcfajSKdn25ooz5J5/fWBylaaXkuotBDGnMnDP1Uv5DLAN/45qfnf3JDYyJv/ytGHQaziHUdyzaAg==",
			"cpu": [
				"ppc64"
			],
			"dev": true,
			"license": "MIT",
			"optional": true,
			"os": [
				"linux"
			],
			"engines": {
				"node": ">=12"
			}
		},
		"node_modules/@esbuild/linux-riscv64": {
			"version": "0.20.2",
			"resolved": "https://registry.npmjs.org/@esbuild/linux-riscv64/-/linux-riscv64-0.20.2.tgz",
			"integrity": "sha512-snwmBKacKmwTMmhLlz/3aH1Q9T8v45bKYGE3j26TsaOVtjIag4wLfWSiZykXzXuE1kbCE+zJRmwp+ZbIHinnVg==",
			"cpu": [
				"riscv64"
			],
			"dev": true,
			"license": "MIT",
			"optional": true,
			"os": [
				"linux"
			],
			"engines": {
				"node": ">=12"
			}
		},
		"node_modules/@esbuild/linux-s390x": {
			"version": "0.20.2",
			"resolved": "https://registry.npmjs.org/@esbuild/linux-s390x/-/linux-s390x-0.20.2.tgz",
			"integrity": "sha512-wcWISOobRWNm3cezm5HOZcYz1sKoHLd8VL1dl309DiixxVFoFe/o8HnwuIwn6sXre88Nwj+VwZUvJf4AFxkyrQ==",
			"cpu": [
				"s390x"
			],
			"dev": true,
			"license": "MIT",
			"optional": true,
			"os": [
				"linux"
			],
			"engines": {
				"node": ">=12"
			}
		},
		"node_modules/@esbuild/linux-x64": {
			"version": "0.20.2",
			"resolved": "https://registry.npmjs.org/@esbuild/linux-x64/-/linux-x64-0.20.2.tgz",
			"integrity": "sha512-1MdwI6OOTsfQfek8sLwgyjOXAu+wKhLEoaOLTjbijk6E2WONYpH9ZU2mNtR+lZ2B4uwr+usqGuVfFT9tMtGvGw==",
			"cpu": [
				"x64"
			],
			"dev": true,
			"license": "MIT",
			"optional": true,
			"os": [
				"linux"
			],
			"engines": {
				"node": ">=12"
			}
		},
		"node_modules/@esbuild/netbsd-x64": {
			"version": "0.20.2",
			"resolved": "https://registry.npmjs.org/@esbuild/netbsd-x64/-/netbsd-x64-0.20.2.tgz",
			"integrity": "sha512-K8/DhBxcVQkzYc43yJXDSyjlFeHQJBiowJ0uVL6Tor3jGQfSGHNNJcWxNbOI8v5k82prYqzPuwkzHt3J1T1iZQ==",
			"cpu": [
				"x64"
			],
			"dev": true,
			"license": "MIT",
			"optional": true,
			"os": [
				"netbsd"
			],
			"engines": {
				"node": ">=12"
			}
		},
		"node_modules/@esbuild/openbsd-x64": {
			"version": "0.20.2",
			"resolved": "https://registry.npmjs.org/@esbuild/openbsd-x64/-/openbsd-x64-0.20.2.tgz",
			"integrity": "sha512-eMpKlV0SThJmmJgiVyN9jTPJ2VBPquf6Kt/nAoo6DgHAoN57K15ZghiHaMvqjCye/uU4X5u3YSMgVBI1h3vKrQ==",
			"cpu": [
				"x64"
			],
			"dev": true,
			"license": "MIT",
			"optional": true,
			"os": [
				"openbsd"
			],
			"engines": {
				"node": ">=12"
			}
		},
		"node_modules/@esbuild/sunos-x64": {
			"version": "0.20.2",
			"resolved": "https://registry.npmjs.org/@esbuild/sunos-x64/-/sunos-x64-0.20.2.tgz",
			"integrity": "sha512-2UyFtRC6cXLyejf/YEld4Hajo7UHILetzE1vsRcGL3earZEW77JxrFjH4Ez2qaTiEfMgAXxfAZCm1fvM/G/o8w==",
			"cpu": [
				"x64"
			],
			"dev": true,
			"license": "MIT",
			"optional": true,
			"os": [
				"sunos"
			],
			"engines": {
				"node": ">=12"
			}
		},
		"node_modules/@esbuild/win32-arm64": {
			"version": "0.20.2",
			"resolved": "https://registry.npmjs.org/@esbuild/win32-arm64/-/win32-arm64-0.20.2.tgz",
			"integrity": "sha512-GRibxoawM9ZCnDxnP3usoUDO9vUkpAxIIZ6GQI+IlVmr5kP3zUq+l17xELTHMWTWzjxa2guPNyrpq1GWmPvcGQ==",
			"cpu": [
				"arm64"
			],
			"dev": true,
			"license": "MIT",
			"optional": true,
			"os": [
				"win32"
			],
			"engines": {
				"node": ">=12"
			}
		},
		"node_modules/@esbuild/win32-ia32": {
			"version": "0.20.2",
			"resolved": "https://registry.npmjs.org/@esbuild/win32-ia32/-/win32-ia32-0.20.2.tgz",
			"integrity": "sha512-HfLOfn9YWmkSKRQqovpnITazdtquEW8/SoHW7pWpuEeguaZI4QnCRW6b+oZTztdBnZOS2hqJ6im/D5cPzBTTlQ==",
			"cpu": [
				"ia32"
			],
			"dev": true,
			"license": "MIT",
			"optional": true,
			"os": [
				"win32"
			],
			"engines": {
				"node": ">=12"
			}
		},
		"node_modules/@esbuild/win32-x64": {
			"version": "0.20.2",
			"resolved": "https://registry.npmjs.org/@esbuild/win32-x64/-/win32-x64-0.20.2.tgz",
			"integrity": "sha512-N49X4lJX27+l9jbLKSqZ6bKNjzQvHaT8IIFUy+YIqmXQdjYCToGWwOItDrfby14c78aDd5NHQl29xingXfCdLQ==",
			"cpu": [
				"x64"
			],
			"dev": true,
			"license": "MIT",
			"optional": true,
			"os": [
				"win32"
			],
			"engines": {
				"node": ">=12"
			}
		},
		"node_modules/@react-dnd/asap": {
			"version": "4.0.1",
			"resolved": "https://registry.npmjs.org/@react-dnd/asap/-/asap-4.0.1.tgz",
			"integrity": "sha512-kLy0PJDDwvwwTXxqTFNAAllPHD73AycE9ypWeln/IguoGBEbvFcPDbCV03G52bEcC5E+YgupBE0VzHGdC8SIXg==",
			"license": "MIT"
		},
		"node_modules/@react-dnd/invariant": {
			"version": "2.0.0",
			"resolved": "https://registry.npmjs.org/@react-dnd/invariant/-/invariant-2.0.0.tgz",
			"integrity": "sha512-xL4RCQBCBDJ+GRwKTFhGUW8GXa4yoDfJrPbLblc3U09ciS+9ZJXJ3Qrcs/x2IODOdIE5kQxvMmE2UKyqUictUw==",
			"license": "MIT"
		},
		"node_modules/@react-dnd/shallowequal": {
			"version": "2.0.0",
			"resolved": "https://registry.npmjs.org/@react-dnd/shallowequal/-/shallowequal-2.0.0.tgz",
			"integrity": "sha512-Pc/AFTdwZwEKJxFJvlxrSmGe/di+aAOBn60sremrpLo6VI/6cmiUYNNwlI5KNYttg7uypzA3ILPMPgxB2GYZEg==",
			"license": "MIT"
		},
		"node_modules/@tanstack/react-virtual": {
			"version": "3.0.0-beta.54",
			"resolved": "https://registry.npmjs.org/@tanstack/react-virtual/-/react-virtual-3.0.0-beta.54.tgz",
			"integrity": "sha512-D1mDMf4UPbrtHRZZriCly5bXTBMhylslm4dhcHqTtDJ6brQcgGmk8YD9JdWBGWfGSWPKoh2x1H3e7eh+hgPXtQ==",
			"license": "MIT",
			"dependencies": {
				"@tanstack/virtual-core": "3.0.0-beta.54"
			},
			"funding": {
				"type": "github",
				"url": "https://github.com/sponsors/tannerlinsley"
			},
			"peerDependencies": {
				"react": "^16.8.0 || ^17.0.0 || ^18.0.0"
			}
		},
		"node_modules/@tanstack/virtual-core": {
			"version": "3.0.0-beta.54",
			"resolved": "https://registry.npmjs.org/@tanstack/virtual-core/-/virtual-core-3.0.0-beta.54.tgz",
			"integrity": "sha512-jtkwqdP2rY2iCCDVAFuaNBH3fiEi29aTn2RhtIoky8DTTiCdc48plpHHreLwmv1PICJ4AJUUESaq3xa8fZH8+g==",
			"license": "MIT",
			"funding": {
				"type": "github",
				"url": "https://github.com/sponsors/tannerlinsley"
			}
		},
		"node_modules/@types/hoist-non-react-statics": {
			"version": "3.3.7",
			"resolved": "https://registry.npmjs.org/@types/hoist-non-react-statics/-/hoist-non-react-statics-3.3.7.tgz",
			"integrity": "sha512-PQTyIulDkIDro8P+IHbKCsw7U2xxBYflVzW/FgWdCAePD9xGSidgA76/GeJ6lBKoblyhf9pBY763gbrN+1dI8g==",
			"license": "MIT",
			"dependencies": {
				"hoist-non-react-statics": "^3.3.0"
			},
			"peerDependencies": {
				"@types/react": "*"
			}
		},
		"node_modules/@types/node": {
			"version": "22.20.1",
			"resolved": "https://registry.npmjs.org/@types/node/-/node-22.20.1.tgz",
			"integrity": "sha512-EANqOCF9QFyra+4pfxUcX9STKJpCLjMbObVzljIJomAWSnuSIEAvyzEU53GaajbXJEgdh0iEcPL+DGvpUd4k1Q==",
			"dev": true,
			"license": "MIT",
			"dependencies": {
				"undici-types": "~6.21.0"
			}
		},
		"node_modules/@types/prop-types": {
			"version": "15.7.15",
			"resolved": "https://registry.npmjs.org/@types/prop-types/-/prop-types-15.7.15.tgz",
			"integrity": "sha512-F6bEyamV9jKGAFBEmlQnesRPGOQqS2+Uwi0Em15xenOxHaf2hv6L8YCVn3rPdPJOiJfPiCnLIRyvwVaqMY3MIw==",
			"license": "MIT"
		},
		"node_modules/@types/react": {
			"version": "18.3.31",
			"resolved": "https://registry.npmjs.org/@types/react/-/react-18.3.31.tgz",
			"integrity": "sha512-vfEqpXTvwT91yhmwdfouStN2hSKwTvyRs8qpLfADyrq/kxDw0hZM7Wk9Ug1FELj8hIby+S/+kQCSRFF32nv2Qw==",
			"license": "MIT",
			"dependencies": {
				"@types/prop-types": "*",
				"csstype": "^3.2.2"
			}
		},
		"node_modules/@types/react-dom": {
			"version": "18.3.7",
			"resolved": "https://registry.npmjs.org/@types/react-dom/-/react-dom-18.3.7.tgz",
			"integrity": "sha512-MEe3UeoENYVFXzoXEWsvcpg6ZvlrFNlOQ7EOsvhI3CfAXwzPfO8Qwuxd40nepsYKqyyVQnTdEfv68q91yLcKrQ==",
			"dev": true,
			"license": "MIT",
			"peerDependencies": {
				"@types/react": "^18.0.0"
			}
		},
		"node_modules/aria-hidden": {
			"version": "1.2.6",
			"resolved": "https://registry.npmjs.org/aria-hidden/-/aria-hidden-1.2.6.tgz",
			"integrity": "sha512-ik3ZgC9dY/lYVVM++OISsaYDeg1tb0VtP5uL3ouh1koGOaUMDPpbFIei4JkFimWUFPn90sbMNMXQAIVOlnYKJA==",
			"license": "MIT",
			"dependencies": {
				"tslib": "^2.0.0"
			},
			"engines": {
				"node": ">=10"
			}
		},
		"node_modules/classnames": {
			"version": "2.3.1",
			"resolved": "https://registry.npmjs.org/classnames/-/classnames-2.3.1.tgz",
			"integrity": "sha512-OlQdbZ7gLfGarSqxesMesDa5uz7KFbID8Kpq/SxIoNGDqY8lSYs0D+hhtBXhcdB3rcbXArFr7vlHheLk1voeNA==",
			"license": "MIT"
		},
		"node_modules/csstype": {
			"version": "3.2.3",
			"resolved": "https://registry.npmjs.org/csstype/-/csstype-3.2.3.tgz",
			"integrity": "sha512-z1HGKcYy2xA8AGQfwrn0PAy+PB7X/GSj3UVJW9qKyn43xWa+gl5nXmU4qqLMRzWVLFC8KusUX8T/0kCiOYpAIQ==",
			"license": "MIT"
		},
		"node_modules/dnd-core": {
			"version": "11.1.3",
			"resolved": "https://registry.npmjs.org/dnd-core/-/dnd-core-11.1.3.tgz",
			"integrity": "sha512-QugF55dNW+h+vzxVJ/LSJeTeUw9MCJ2cllhmVThVPEtF16ooBkxj0WBE5RB+AceFxMFo1rO6bJKXtqKl+JNnyA==",
			"license": "MIT",
			"dependencies": {
				"@react-dnd/asap": "^4.0.0",
				"@react-dnd/invariant": "^2.0.0",
				"redux": "^4.0.4"
			}
		},
		"node_modules/dom-align": {
			"version": "1.12.4",
			"resolved": "https://registry.npmjs.org/dom-align/-/dom-align-1.12.4.tgz",
			"integrity": "sha512-R8LUSEay/68zE5c8/3BDxiTEvgb4xZTF0RKmAHfiEVN3klfIpXfi2/QCoiWPccVQ0J/ZGdz9OjzL4uJEP/MRAw==",
			"license": "MIT"
		},
		"node_modules/dom-helpers": {
			"version": "5.2.1",
			"resolved": "https://registry.npmjs.org/dom-helpers/-/dom-helpers-5.2.1.tgz",
			"integrity": "sha512-nRCa7CK3VTrM2NmGkIy4cbK7IZlgBE/PYMn55rrXefr5xXDP0LdtfPnblFDoVdcAfslJ7or6iqAUnx0CCGIWQA==",
			"license": "MIT",
			"dependencies": {
				"@babel/runtime": "^7.8.7",
				"csstype": "^3.0.2"
			}
		},
		"node_modules/esbuild": {
			"version": "0.20.2",
			"resolved": "https://registry.npmjs.org/esbuild/-/esbuild-0.20.2.tgz",
			"integrity": "sha512-WdOOppmUNU+IbZ0PaDiTst80zjnrOkyJNHoKupIcVyU8Lvla3Ugx94VzkQ32Ijqd7UhHJy75gNWDMUekcrSJ6g==",
			"dev": true,
			"hasInstallScript": true,
			"license": "MIT",
			"bin": {
				"esbuild": "bin/esbuild"
			},
			"engines": {
				"node": ">=12"
			},
			"optionalDependencies": {
				"@esbuild/aix-ppc64": "0.20.2",
				"@esbuild/android-arm": "0.20.2",
				"@esbuild/android-arm64": "0.20.2",
				"@esbuild/android-x64": "0.20.2",
				"@esbuild/darwin-arm64": "0.20.2",
				"@esbuild/darwin-x64": "0.20.2",
				"@esbuild/freebsd-arm64": "0.20.2",
				"@esbuild/freebsd-x64": "0.20.2",
				"@esbuild/linux-arm": "0.20.2",
				"@esbuild/linux-arm64": "0.20.2",
				"@esbuild/linux-ia32": "0.20.2",
				"@esbuild/linux-loong64": "0.20.2",
				"@esbuild/linux-mips64el": "0.20.2",
				"@esbuild/linux-ppc64": "0.20.2",
				"@esbuild/linux-riscv64": "0.20.2",
				"@esbuild/linux-s390x": "0.20.2",
				"@esbuild/linux-x64": "0.20.2",
				"@esbuild/netbsd-x64": "0.20.2",
				"@esbuild/openbsd-x64": "0.20.2",
				"@esbuild/sunos-x64": "0.20.2",
				"@esbuild/win32-arm64": "0.20.2",
				"@esbuild/win32-ia32": "0.20.2",
				"@esbuild/win32-x64": "0.20.2"
			}
		},
		"node_modules/fast-json-stable-stringify": {
			"version": "2.1.0",
			"resolved": "https://registry.npmjs.org/fast-json-stable-stringify/-/fast-json-stable-stringify-2.1.0.tgz",
			"integrity": "sha512-lhd/wF+Lk98HZoTCtlVraHtfh5XYijIjalXck7saUtuanSDyLMxnHhSXEDJqHxD7msR8D0uCmqlkwjCV8xvwHw==",
			"license": "MIT"
		},
		"node_modules/fuzzy": {
			"version": "0.1.3",
			"resolved": "https://registry.npmjs.org/fuzzy/-/fuzzy-0.1.3.tgz",
			"integrity": "sha512-/gZffu4ykarLrCiP3Ygsa86UAo1E5vEVlvTrpkKywXSbP9Xhln3oSp9QSV57gEq3JFFpGJ4GZ+5zdEp3FcUh4w==",
			"engines": {
				"node": ">= 0.6.0"
			}
		},
		"node_modules/hoist-non-react-statics": {
			"version": "3.3.2",
			"resolved": "https://registry.npmjs.org/hoist-non-react-statics/-/hoist-non-react-statics-3.3.2.tgz",
			"integrity": "sha512-/gGivxi8JPKWNm/W0jSmzcMPpfpPLc3dY/6GxhX2hQ9iGj3aDfklV4ET7NjKpSinLpJ5vafa9iiGIEZg10SfBw==",
			"license": "BSD-3-Clause",
			"dependencies": {
				"react-is": "^16.7.0"
			}
		},
		"node_modules/js-tokens": {
			"version": "4.0.0",
			"resolved": "https://registry.npmjs.org/js-tokens/-/js-tokens-4.0.0.tgz",
			"integrity": "sha512-RdJUflcE3cUzKiMqQgsCu06FPu9UdIJO0beYbPhHN4k6apgJtifcoCtT9bcxOpYBtpD2kCM6Sbzg4CausW/PKQ==",
			"license": "MIT"
		},
		"node_modules/loose-envify": {
			"version": "1.4.0",
			"resolved": "https://registry.npmjs.org/loose-envify/-/loose-envify-1.4.0.tgz",
			"integrity": "sha512-lyuxPGr/Wfhrlem2CL/UcnUc1zcqKAImBDzukY7Y5F/yQiNdko6+fRLevlw1HgMySw7f611UIY408EtxRSoK3Q==",
			"license": "MIT",
			"dependencies": {
				"js-tokens": "^3.0.0 || ^4.0.0"
			},
			"bin": {
				"loose-envify": "cli.js"
			}
		},
		"node_modules/object-assign": {
			"version": "4.1.1",
			"resolved": "https://registry.npmjs.org/object-assign/-/object-assign-4.1.1.tgz",
			"integrity": "sha512-rJgTQnkUnH1sFw8yT6VSU3zD3sWmu6sZhIseY8VX+GRu3P6F7Fu+JNDoXfklElbLJSnc3FUQHVe4cU5hj+BcUg==",
			"license": "MIT",
			"engines": {
				"node": ">=0.10.0"
			}
		},
		"node_modules/prop-types": {
			"version": "15.8.1",
			"resolved": "https://registry.npmjs.org/prop-types/-/prop-types-15.8.1.tgz",
			"integrity": "sha512-oj87CgZICdulUohogVAR7AjlC0327U4el4L6eAvOqCeudMDVU0NThNaV+b9Df4dXgSP1gXMTnPdhfe/2qDH5cg==",
			"license": "MIT",
			"dependencies": {
				"loose-envify": "^1.4.0",
				"object-assign": "^4.1.1",
				"react-is": "^16.13.1"
			}
		},
		"node_modules/react": {
			"version": "18.3.1",
			"resolved": "https://registry.npmjs.org/react/-/react-18.3.1.tgz",
			"integrity": "sha512-wS+hAgJShR0KhEvPJArfuPVN1+Hz1t0Y6n5jLrGQbkb4urgPE/0Rve+1kMB1v/oWgHgm4WIcV+i7F2pTVj+2iQ==",
			"license": "MIT",
			"dependencies": {
				"loose-envify": "^1.1.0"
			},
			"engines": {
				"node": ">=0.10.0"
			}
		},
		"node_modules/react-dnd": {
			"version": "11.1.1",
			"resolved": "https://registry.npmjs.org/react-dnd/-/react-dnd-11.1.1.tgz",
			"integrity": "sha512-THjjpXGfSHmZTGI/tT0fLdOGLEVikVEeeTcNuJw7/caUECYvhNnbsle+cz6O0j0/k7Pumy3p8fwBw9m4SbJSzw==",
			"license": "MIT",
			"dependencies": {
				"@react-dnd/shallowequal": "^2.0.0",
				"@types/hoist-non-react-statics": "^3.3.1",
				"dnd-core": "^11.1.1",
				"hoist-non-react-statics": "^3.3.0"
			},
			"peerDependencies": {
				"react": ">= 16.9.0",
				"react-dom": ">= 16.9.0"
			}
		},
		"node_modules/react-dnd-html5-backend": {
			"version": "11.1.1",
			"resolved": "https://registry.npmjs.org/react-dnd-html5-backend/-/react-dnd-html5-backend-11.1.1.tgz",
			"integrity": "sha512-2cdi5P0HdZwjOq7iuX6cIOVzKukPgVJKNNxRLvZj/fDz5dHwCu/IOHj4e3SypZ+q37jAcd6+BHvCp1hRiGFNOg==",
			"license": "MIT",
			"dependencies": {
				"dnd-core": "^11.1.1"
			}
		},
		"node_modules/react-dom": {
			"version": "18.3.1",
			"resolved": "https://registry.npmjs.org/react-dom/-/react-dom-18.3.1.tgz",
			"integrity": "sha512-5m4nQKp+rZRb09LNH59GM4BxTh9251/ylbKIbpe7TpGxfJ+9kv6BLkLBXIjjspbgbnIBNqlI23tRnTWT0snUIw==",
			"license": "MIT",
			"dependencies": {
				"loose-envify": "^1.1.0",
				"scheduler": "^0.23.2"
			},
			"peerDependencies": {
				"react": "^18.3.1"
			}
		},
		"node_modules/react-is": {
			"version": "16.13.1",
			"resolved": "https://registry.npmjs.org/react-is/-/react-is-16.13.1.tgz",
			"integrity": "sha512-24e6ynE2H+OKt4kqsOvNd8kBpV65zoxbA4BVsEOB3ARVWQki/DHzaUoC5KuON/BiccDaCCTZBuOcfZs70kR8bQ==",
			"license": "MIT"
		},
		"node_modules/react-transition-group": {
			"version": "4.4.5",
			"resolved": "https://registry.npmjs.org/react-transition-group/-/react-transition-group-4.4.5.tgz",
			"integrity": "sha512-pZcd1MCJoiKiBR2NRxeCRg13uCXbydPnmB4EOeRrY7480qNWO8IIgQG6zlDkm6uRMsURXPuKq0GWtiM59a5Q6g==",
			"license": "BSD-3-Clause",
			"dependencies": {
				"@babel/runtime": "^7.5.5",
				"dom-helpers": "^5.0.1",
				"loose-envify": "^1.4.0",
				"prop-types": "^15.6.2"
			},
			"peerDependencies": {
				"react": ">=16.6.0",
				"react-dom": ">=16.6.0"
			}
		},
		"node_modules/redux": {
			"version": "4.2.1",
			"resolved": "https://registry.npmjs.org/redux/-/redux-4.2.1.tgz",
			"integrity": "sha512-LAUYz4lc+Do8/g7aeRa8JkyDErK6ekstQaqWQrNRW//MY1TvCEpMtpTWvlQ+FPbWCx+Xixu/6SHt5N0HR+SB4w==",
			"license": "MIT",
			"dependencies": {
				"@babel/runtime": "^7.9.2"
			}
		},
		"node_modules/scheduler": {
			"version": "0.23.2",
			"resolved": "https://registry.npmjs.org/scheduler/-/scheduler-0.23.2.tgz",
			"integrity": "sha512-UOShsPwz7NrMUqhR6t0hWjFduvOzbtv7toDH1/hIrfRNIDBnnBWd0CwJTGvTpngVlmwGCdP9/Zl/tVrDqcuYzQ==",
			"license": "MIT",
			"dependencies": {
				"loose-envify": "^1.1.0"
			}
		},
		"node_modules/tslib": {
			"version": "2.8.1",
			"resolved": "https://registry.npmjs.org/tslib/-/tslib-2.8.1.tgz",
			"integrity": "sha512-oJFu94HQb+KVduSUQL7wnpmqnfmLsOA/nAh6b6EH0wCEoK0/mPeXU6c3wKDV83MkOuHPRHtSXKKU99IBazS/2w==",
			"license": "0BSD"
		},
		"node_modules/typescript": {
			"version": "5.7.2",
			"resolved": "https://registry.npmjs.org/typescript/-/typescript-5.7.2.tgz",
			"integrity": "sha512-i5t66RHxDvVN40HfDd1PsEThGNnlMCMT3jMUuoh9/0TaqWevNontacunWyN02LA9/fIbEWlcHZcgTKb9QoaLfg==",
			"dev": true,
			"license": "Apache-2.0",
			"bin": {
				"tsc": "bin/tsc",
				"tsserver": "bin/tsserver"
			},
			"engines": {
				"node": ">=14.17"
			}
		},
		"node_modules/undici-types": {
			"version": "6.21.0",
			"resolved": "https://registry.npmjs.org/undici-types/-/undici-types-6.21.0.tgz",
			"integrity": "sha512-iwDZqg0QAGrg9Rav5H4n0M64c3mkR59cJ6wQp+7C4nI0gsmExaedaYLNO44eT4AtBBwjbTiGPMlt2Md0T9H9JQ==",
			"dev": true,
			"license": "MIT"
		},
		"node_modules/warning": {
			"version": "4.0.3",
			"resolved": "https://registry.npmjs.org/warning/-/warning-4.0.3.tgz",
			"integrity": "sha512-rpJyN222KWIvHJ/F53XSZv0Zl/accqHR8et1kpaMTD/fLCRxtV8iX8czMzY7sVZupTI3zcUTg8eycS2kNF9l6w==",
			"license": "MIT",
			"dependencies": {
				"loose-envify": "^1.0.0"
			}
		}
	}
}
